
Microsoft Visual Studio Solution File, Format Version 12.00
# Visual Studio Version 17
VisualStudioVersion = 17.11.35017.193
MinimumVisualStudioVersion = 10.0.40219.1
Project("{FAE04EC0-301F-11D3-BF4B-00C04F79EFBC}") = "PBEM00-FlashTool", "PBEM00-FlashTool\PBEM00-FlashTool.csproj", "{3CBD28D8-A4BF-4B99-905C-7D8923A2AFD9}"
EndProject
Global
	GlobalSection(SolutionConfigurationPlatforms) = preSolution
		Debug|Any CPU = Debug|Any CPU
		Release|Any CPU = Release|Any CPU
	EndGlobalSection
	GlobalSection(ProjectConfigurationPlatforms) = postSolution
		{3CBD28D8-A4BF-4B99-905C-7D8923A2AFD9}.Debug|Any CPU.ActiveCfg = Debug|Any CPU
		{3CBD28D8-A4BF-4B99-905C-7D8923A2AFD9}.Debug|Any CPU.Build.0 = Debug|Any CPU
		{3CBD28D8-A4BF-4B99-905C-7D8923A2AFD9}.Release|Any CPU.ActiveCfg = Release|Any CPU
		{3CBD28D8-A4BF-4B99-905C-7D8923A2AFD9}.Release|Any CPU.Build.0 = Release|Any CPU
	EndGlobalSection
	GlobalSection(SolutionProperties) = preSolution
		HideSolutionNode = FALSE
	EndGlobalSection
	GlobalSection(ExtensibilityGlobals) = postSolution
		SolutionGuid = {AB565247-92DC-440F-9723-B7841C9BEBCB}
	EndGlobalSection
EndGlobal
